
Microsoft Visual Studio Solution File, Format Version 12.00
# Visual Studio Version 17
VisualStudioVersion = 17.4.33103.184
MinimumVisualStudioVersion = 10.0.40219.1
Project("{FAE04EC0-301F-11D3-BF4B-00C04F79EFBC}") = "CSC3163DCircusCharlie", "CSC3163DCircusCharlie.csproj", "{F106050A-0C11-4339-A964-F587EB1D02AB}"
EndProject
Global
	GlobalSection(SolutionConfigurationPlatforms) = preSolution
		Debug|Any CPU = Debug|Any CPU
		Release|Any CPU = Release|Any CPU
	EndGlobalSection
	GlobalSection(ProjectConfigurationPlatforms) = postSolution
		{F106050A-0C11-4339-A964-F587EB1D02AB}.Debug|Any CPU.ActiveCfg = Debug|Any CPU
		{F106050A-0C11-4339-A964-F587EB1D02AB}.Debug|Any CPU.Build.0 = Debug|Any CPU
		{F106050A-0C11-4339-A964-F587EB1D02AB}.Release|Any CPU.ActiveCfg = Release|Any CPU
		{F106050A-0C11-4339-A964-F587EB1D02AB}.Release|Any CPU.Build.0 = Release|Any CPU
	EndGlobalSection
	GlobalSection(SolutionProperties) = preSolution
		HideSolutionNode = FALSE
	EndGlobalSection
	GlobalSection(ExtensibilityGlobals) = postSolution
		SolutionGuid = {C78E2337-9D58-4D7F-B9A8-A2A2070127DF}
	EndGlobalSection
EndGlobal
